Microsoft Visual Studio Solution File, Format Version 12.00
# Visual Studio Version 17
VisualStudioVersion = 17.5.2.0
MinimumVisualStudioVersion = 10.0.40219.1
Project("{FAE04EC0-301F-11D3-BF4B-00C04F79EFBC}") = "LineFollowingRobot_PC", "LineFollowingRobot_PC\LineFollowingRobot_PC.csproj", "{7A1A1904-CCFE-4184-1DBB-7F67FF2F9539}"
EndProject
Global
	GlobalSection(SolutionConfigurationPlatforms) = preSolution
		Debug|Any CPU = Debug|Any CPU
		Release|Any CPU = Release|Any CPU
	EndGlobalSection
	GlobalSection(ProjectConfigurationPlatforms) = postSolution
		{7A1A1904-CCFE-4184-1DBB-7F67FF2F9539}.Debug|Any CPU.ActiveCfg = Debug|Any CPU
		{7A1A1904-CCFE-4184-1DBB-7F67FF2F9539}.Debug|Any CPU.Build.0 = Debug|Any CPU
		{7A1A1904-CCFE-4184-1DBB-7F67FF2F9539}.Release|Any CPU.ActiveCfg = Release|Any CPU
		{7A1A1904-CCFE-4184-1DBB-7F67FF2F9539}.Release|Any CPU.Build.0 = Release|Any CPU
	EndGlobalSection
	GlobalSection(SolutionProperties) = preSolution
		HideSolutionNode = FALSE
	EndGlobalSection
	GlobalSection(ExtensibilityGlobals) = postSolution
		SolutionGuid = {991AC4A3-0A31-4B26-81AA-D8CEDEA2CF95}
	EndGlobalSection
EndGlobal
